
Microsoft Visual Studio Solution File, Format Version 11.00
# Visual Studio 2010
Project("{FAE04EC0-301F-11D3-BF4B-00C04F79EFBC}") = "Summit_Stocks", "Summit_Stocks.csproj", "{57ECCFA6-93C8-4B9F-B0BA-96F087BFDBE6}"
EndProject
Global
	GlobalSection(SolutionConfigurationPlatforms) = preSolution
		Debug|Any CPU = Debug|Any CPU
		Release|Any CPU = Release|Any CPU
	EndGlobalSection
	GlobalSection(ProjectConfigurationPlatforms) = postSolution
		{57ECCFA6-93C8-4B9F-B0BA-96F087BFDBE6}.Debug|Any CPU.ActiveCfg = Debug|Any CPU
		{57ECCFA6-93C8-4B9F-B0BA-96F087BFDBE6}.Debug|Any CPU.Build.0 = Debug|Any CPU
		{57ECCFA6-93C8-4B9F-B0BA-96F087BFDBE6}.Release|Any CPU.ActiveCfg = Release|Any CPU
		{57ECCFA6-93C8-4B9F-B0BA-96F087BFDBE6}.Release|Any CPU.Build.0 = Release|Any CPU
	EndGlobalSection
EndGlobal
